{
  "name": "extensions",
  "lockfileVersion": 3,
  "requires": true,
  "packages": {
    "": {
      "dependencies": {
        "@yaegassy/coc-tailwindcss3": ">=0.5.7"
      }
    },
    "node_modules/@yaegassy/coc-tailwindcss3": {
      "version": "0.5.26",
      "license": "MIT",
      "dependencies": {
        "@tailwindcss/language-server": "^0.14.8",
        "minimatch": "^5.0.1",
        "normalize-path": "^3.0.0",
        "rustywind": "^0.7.1"
      },
      "engines": {
        "coc": "^0.0.80"
      }
    },
    "node_modules/@yaegassy/coc-tailwindcss3/node_modules/@tailwindcss/language-server": {
      "version": "0.14.8",
      "license": "MIT",
      "bin": {
        "tailwindcss-language-server": "bin/tailwindcss-language-server"
      },
      "engines": {
        "node": ">=18.0.0"
      }
    },
    "node_modules/@yaegassy/coc-tailwindcss3/node_modules/balanced-match": {
      "version": "1.0.2",
      "license": "MIT"
    },
    "node_modules/@yaegassy/coc-tailwindcss3/node_modules/brace-expansion": {
      "version": "2.0.1",
      "license": "MIT",
      "dependencies": {
        "balanced-match": "^1.0.0"
      }
    },
    "node_modules/@yaegassy/coc-tailwindcss3/node_modules/minimatch": {
      "version": "5.1.6",
      "license": "ISC",
      "dependencies": {
        "brace-expansion": "^2.0.1"
      },
      "engines": {
        "node": ">=10"
      }
    },
    "node_modules/@yaegassy/coc-tailwindcss3/node_modules/normalize-path": {
      "version": "3.0.0",
      "license": "MIT",
      "engines": {
        "node": ">=0.10.0"
      }
    },
    "node_modules/@yaegassy/coc-tailwindcss3/node_modules/rustywind": {
      "version": "0.7.1",
      "hasInstallScript": true,
      "license": "MIT",
      "bin": {
        "rustywind": "bin/rustywind"
      }
    }
  }
}
